{
    "version": 3,
    "terraform_version": "0.11.3",
    "serial": 6,
    "lineage": "c9ccb31c-1530-4fb4-abb0-ca2efbde8fb0",
    "modules": [
        {
            "path": [
                "root"
            ],
            "outputs": {},
            "resources": {
                "aws_dynamodb_table.terraform_statelock": {
                    "type": "aws_dynamodb_table",
                    "depends_on": [],
                    "primary": {
                        "id": "ps-ddt-tfstatelock",
                        "attributes": {
                            "arn": "arn:aws:dynamodb:eu-west-2:766633932136:table/ps-ddt-tfstatelock",
                            "attribute.#": "1",
                            "attribute.2068930648.name": "LockID",
                            "attribute.2068930648.type": "S",
                            "global_secondary_index.#": "0",
                            "hash_key": "LockID",
                            "id": "ps-ddt-tfstatelock",
                            "local_secondary_index.#": "0",
                            "name": "ps-ddt-tfstatelock",
                            "read_capacity": "20",
                            "stream_arn": "",
                            "stream_enabled": "false",
                            "stream_label": "",
                            "stream_view_type": "",
                            "tags.%": "0",
                            "ttl.#": "0",
                            "write_capacity": "20"
                        },
                        "meta": {
                            "e2bfb730-ecaa-11e6-8f88-34363bc7c4c0": {
                                "create": 600000000000,
                                "delete": 600000000000,
                                "update": 600000000000
                            },
                            "schema_version": "1"
                        },
                        "tainted": false
                    },
                    "deposed": [],
                    "provider": "provider.aws"
                },
                "aws_iam_access_key.marymoe": {
                    "type": "aws_iam_access_key",
                    "depends_on": [
                        "aws_iam_user.marymoe"
                    ],
                    "primary": {
                        "id": "AKIAIKHCHGAUFBTTFC7A",
                        "attributes": {
                            "id": "AKIAIKHCHGAUFBTTFC7A",
                            "secret": "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",
                            "ses_smtp_password": "AiijPRurwrLsxZaCAVLtVbFiWFTRRXZ0K/dQ2dvJc7Fv",
                            "status": "Active",
                            "user": "marymoe"
                        },
                        "meta": {},
                        "tainted": false
                    },
                    "deposed": [],
                    "provider": "provider.aws"
                },
                "aws_iam_access_key.sallysue": {
                    "type": "aws_iam_access_key",
                    "depends_on": [
                        "aws_iam_user.sallysue"
                    ],
                    "primary": {
                        "id": "AKIAI2UYCMVB7QPM2N2Q",
                        "attributes": {
                            "id": "AKIAI2UYCMVB7QPM2N2Q",
                            "secret": "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",
                            "ses_smtp_password": "AsM3Y7Bs5xLCg8ZroSGe3joiPHPvYj25DGLgfibVE3xP",
                            "status": "Active",
                            "user": "sallysue"
                        },
                        "meta": {},
                        "tainted": false
                    },
                    "deposed": [],
                    "provider": "provider.aws"
                },
                "aws_iam_group.ec2admin": {
                    "type": "aws_iam_group",
                    "depends_on": [],
                    "primary": {
                        "id": "ddt-ec2-admin",
                        "attributes": {
                            "arn": "arn:aws:iam::766633932136:group/ddt-ec2-admin",
                            "id": "ddt-ec2-admin",
                            "name": "ddt-ec2-admin",
                            "path": "/",
                            "unique_id": "AGPAJIUMEVKYKWXLI3XUW"
                        },
                        "meta": {},
                        "tainted": false
                    },
                    "deposed": [],
                    "provider": "provider.aws"
                },
                "aws_iam_group.rdsadmin": {
                    "type": "aws_iam_group",
                    "depends_on": [],
                    "primary": {
                        "id": "ddt-RdsAdmin",
                        "attributes": {
                            "arn": "arn:aws:iam::766633932136:group/ddt-RdsAdmin",
                            "id": "ddt-RdsAdmin",
                            "name": "ddt-RdsAdmin",
                            "path": "/",
                            "unique_id": "AGPAIXGKHOLED4NXBFF5Q"
                        },
                        "meta": {},
                        "tainted": false
                    },
                    "deposed": [],
                    "provider": "provider.aws"
                },
                "aws_iam_group_membership.add-ec2admin": {
                    "type": "aws_iam_group_membership",
                    "depends_on": [
                        "aws_iam_group.ec2admin",
                        "aws_iam_user.marymoe",
                        "aws_iam_user.sallysue"
                    ],
                    "primary": {
                        "id": "add-ec2admin",
                        "attributes": {
                            "group": "ddt-ec2-admin",
                            "id": "add-ec2admin",
                            "name": "add-ec2admin",
                            "users.#": "2",
                            "users.1725463133": "sallysue",
                            "users.3190999249": "marymoe"
                        },
                        "meta": {},
                        "tainted": false
                    },
                    "deposed": [],
                    "provider": "provider.aws"
                },
                "aws_iam_group_membership.add-rdsadmin": {
                    "type": "aws_iam_group_membership",
                    "depends_on": [
                        "aws_iam_group.rdsadmin",
                        "aws_iam_user.sallysue"
                    ],
                    "primary": {
                        "id": "add-rdsadmin",
                        "attributes": {
                            "group": "ddt-RdsAdmin",
                            "id": "add-rdsadmin",
                            "name": "add-rdsadmin",
                            "users.#": "1",
                            "users.1725463133": "sallysue"
                        },
                        "meta": {},
                        "tainted": false
                    },
                    "deposed": [],
                    "provider": "provider.aws"
                },
                "aws_iam_group_policy_attachment.ec2admin-attach": {
                    "type": "aws_iam_group_policy_attachment",
                    "depends_on": [
                        "aws_iam_group.ec2admin"
                    ],
                    "primary": {
                        "id": "ddt-ec2-admin-20180302135216187400000002",
                        "attributes": {
                            "group": "ddt-ec2-admin",
                            "id": "ddt-ec2-admin-20180302135216187400000002",
                            "policy_arn": "arn:aws:iam::aws:policy/AmazonEC2FullAccess"
                        },
                        "meta": {},
                        "tainted": false
                    },
                    "deposed": [],
                    "provider": "provider.aws"
                },
                "aws_iam_group_policy_attachment.rdsadmin-attach": {
                    "type": "aws_iam_group_policy_attachment",
                    "depends_on": [
                        "aws_iam_group.rdsadmin"
                    ],
                    "primary": {
                        "id": "ddt-RdsAdmin-20180302135216187400000001",
                        "attributes": {
                            "group": "ddt-RdsAdmin",
                            "id": "ddt-RdsAdmin-20180302135216187400000001",
                            "policy_arn": "arn:aws:iam::aws:policy/AmazonRDSFullAccess"
                        },
                        "meta": {},
                        "tainted": false
                    },
                    "deposed": [],
                    "provider": "provider.aws"
                },
                "aws_iam_user.marymoe": {
                    "type": "aws_iam_user",
                    "depends_on": [],
                    "primary": {
                        "id": "marymoe",
                        "attributes": {
                            "arn": "arn:aws:iam::766633932136:user/marymoe",
                            "force_destroy": "false",
                            "id": "marymoe",
                            "name": "marymoe",
                            "path": "/",
                            "unique_id": "AIDAJ4SIB3OF74RMUQSHM"
                        },
                        "meta": {},
                        "tainted": false
                    },
                    "deposed": [],
                    "provider": "provider.aws"
                },
                "aws_iam_user.sallysue": {
                    "type": "aws_iam_user",
                    "depends_on": [],
                    "primary": {
                        "id": "sallysue",
                        "attributes": {
                            "arn": "arn:aws:iam::766633932136:user/sallysue",
                            "force_destroy": "false",
                            "id": "sallysue",
                            "name": "sallysue",
                            "path": "/",
                            "unique_id": "AIDAJ2N4ARSQSXS5JEZFU"
                        },
                        "meta": {},
                        "tainted": false
                    },
                    "deposed": [],
                    "provider": "provider.aws"
                },
                "aws_iam_user_policy.marymoe_rw": {
                    "type": "aws_iam_user_policy",
                    "depends_on": [
                        "aws_iam_user.marymoe",
                        "data.template_file.mary_moe_policy"
                    ],
                    "primary": {
                        "id": "marymoe:marymoe",
                        "attributes": {
                            "id": "marymoe:marymoe",
                            "name": "marymoe",
                            "policy": "{\r\n    \"Version\": \"2012-10-17\",\r\n    \"Statement\": [\r\n        {\r\n            \"Effect\": \"Allow\",\r\n            \"Action\": \"s3:*\",\r\n            \"Resource\": [\r\n                \"arn:aws:s3:::ps-ddt-networking\",\r\n                \"arn:aws:s3:::ps-ddt-networking/*\"\r\n            ]\r\n        },\r\n        {\r\n            \"Effect\": \"Allow\",\r\n            \"Action\": [\r\n                \"s3:Get*\",\r\n                \"s3:List*\"\r\n            ],\r\n            \"Resource\": [\r\n                \"arn:aws:s3:::ps-ddt-application\",\r\n                \"arn:aws:s3:::ps-ddt-application/*\"\r\n            ]\r\n        },\r\n                {\r\n            \"Effect\": \"Allow\",\r\n            \"Action\": [\"dynamodb:*\"],\r\n            \"Resource\": [\r\n                \"arn:aws:dynamodb:eu-west-2:766633932136:table/ps-ddt-tfstatelock\"\r\n            ]\r\n        }\r\n   ]\r\n}",
                            "user": "marymoe"
                        },
                        "meta": {},
                        "tainted": false
                    },
                    "deposed": [],
                    "provider": "provider.aws"
                },
                "aws_iam_user_policy.sallysue_rw": {
                    "type": "aws_iam_user_policy",
                    "depends_on": [
                        "aws_iam_user.sallysue",
                        "data.template_file.sally_sue_policy"
                    ],
                    "primary": {
                        "id": "sallysue:sallysue",
                        "attributes": {
                            "id": "sallysue:sallysue",
                            "name": "sallysue",
                            "policy": "{\r\n    \"Version\": \"2012-10-17\",\r\n    \"Statement\": [\r\n        {\r\n            \"Effect\": \"Allow\",\r\n            \"Action\": \"s3:*\",\r\n            \"Resource\": [\r\n                \"arn:aws:s3:::ps-ddt-application\",\r\n                \"arn:aws:s3:::ps-ddt-application/*\"\r\n            ]\r\n        },\r\n        {\r\n            \"Effect\": \"Allow\",\r\n            \"Action\": [\r\n                \"s3:Get*\",\r\n                \"s3:List*\"\r\n            ],\r\n            \"Resource\": [\r\n                \"arn:aws:s3:::ps-ddt-networking\",\r\n                \"arn:aws:s3:::ps-ddt-networking/*\"\r\n            ]\r\n        },\r\n                {\r\n            \"Effect\": \"Allow\",\r\n            \"Action\": [\"dynamodb:*\"],\r\n            \"Resource\": [\r\n                \"arn:aws:dynamodb:eu-west-2:766633932136:table/ps-ddt-tfstatelock\"\r\n            ]\r\n        }\r\n   ]\r\n}",
                            "user": "sallysue"
                        },
                        "meta": {},
                        "tainted": false
                    },
                    "deposed": [],
                    "provider": "provider.aws"
                },
                "data.template_file.application_bucket_policy": {
                    "type": "template_file",
                    "depends_on": [
                        "aws_iam_user.marymoe",
                        "aws_iam_user.sallysue"
                    ],
                    "primary": {
                        "id": "9e757aabcad980bedc8291b4ce435401dd4d395c70e2a6b03c04b39647d2d25e",
                        "attributes": {
                            "id": "9e757aabcad980bedc8291b4ce435401dd4d395c70e2a6b03c04b39647d2d25e",
                            "rendered": "{\r\n    \"Version\": \"2008-10-17\",\r\n    \"Statement\": [\r\n        {\r\n            \"Sid\": \"ReadOnly\",\r\n            \"Effect\": \"Allow\",\r\n            \"Principal\": {\r\n                \"AWS\": \"arn:aws:iam::766633932136:user/marymoe\"\r\n            },\r\n            \"Action\": [\r\n                \"s3:Get*\",\r\n                \"s3:List*\"\r\n            ],\r\n            \"Resource\": [\r\n                \"arn:aws:s3:::ps-ddt-application\",\r\n                \"arn:aws:s3:::ps-ddt-application/*\"\r\n            ]\r\n        },\r\n        {\r\n            \"Sid\": \"FullAccess\",\r\n            \"Effect\": \"Allow\",\r\n            \"Principal\": {\r\n                \"AWS\": \"arn:aws:iam::766633932136:user/sallysue\"\r\n            },\r\n            \"Action\": \"s3:*\",\r\n            \"Resource\": [\r\n                \"arn:aws:s3:::ps-ddt-application\",\r\n                \"arn:aws:s3:::ps-ddt-application/*\"\r\n            ]\r\n        }\r\n    ]\r\n}",
                            "template": "{\r\n    \"Version\": \"2008-10-17\",\r\n    \"Statement\": [\r\n        {\r\n            \"Sid\": \"ReadOnly\",\r\n            \"Effect\": \"Allow\",\r\n            \"Principal\": {\r\n                \"AWS\": \"${read_only_user_arn}\"\r\n            },\r\n            \"Action\": [\r\n                \"s3:Get*\",\r\n                \"s3:List*\"\r\n            ],\r\n            \"Resource\": [\r\n                \"arn:aws:s3:::${s3_bucket}\",\r\n                \"arn:aws:s3:::${s3_bucket}/*\"\r\n            ]\r\n        },\r\n        {\r\n            \"Sid\": \"FullAccess\",\r\n            \"Effect\": \"Allow\",\r\n            \"Principal\": {\r\n                \"AWS\": \"${full_access_user_arn}\"\r\n            },\r\n            \"Action\": \"s3:*\",\r\n            \"Resource\": [\r\n                \"arn:aws:s3:::${s3_bucket}\",\r\n                \"arn:aws:s3:::${s3_bucket}/*\"\r\n            ]\r\n        }\r\n    ]\r\n}",
                            "vars.%": "3",
                            "vars.full_access_user_arn": "arn:aws:iam::766633932136:user/sallysue",
                            "vars.read_only_user_arn": "arn:aws:iam::766633932136:user/marymoe",
                            "vars.s3_bucket": "ps-ddt-application"
                        },
                        "meta": {},
                        "tainted": false
                    },
                    "deposed": [],
                    "provider": "provider.template"
                },
                "data.template_file.mary_moe_policy": {
                    "type": "template_file",
                    "depends_on": [
                        "aws_dynamodb_table.terraform_statelock"
                    ],
                    "primary": {
                        "id": "ef1a1800f56bc9f90f4524e8a52fa8caa8408b5631105fda4f76a954ee8ae3c7",
                        "attributes": {
                            "id": "ef1a1800f56bc9f90f4524e8a52fa8caa8408b5631105fda4f76a954ee8ae3c7",
                            "rendered": "{\r\n    \"Version\": \"2012-10-17\",\r\n    \"Statement\": [\r\n        {\r\n            \"Effect\": \"Allow\",\r\n            \"Action\": \"s3:*\",\r\n            \"Resource\": [\r\n                \"arn:aws:s3:::ps-ddt-networking\",\r\n                \"arn:aws:s3:::ps-ddt-networking/*\"\r\n            ]\r\n        },\r\n        {\r\n            \"Effect\": \"Allow\",\r\n            \"Action\": [\r\n                \"s3:Get*\",\r\n                \"s3:List*\"\r\n            ],\r\n            \"Resource\": [\r\n                \"arn:aws:s3:::ps-ddt-application\",\r\n                \"arn:aws:s3:::ps-ddt-application/*\"\r\n            ]\r\n        },\r\n                {\r\n            \"Effect\": \"Allow\",\r\n            \"Action\": [\"dynamodb:*\"],\r\n            \"Resource\": [\r\n                \"arn:aws:dynamodb:eu-west-2:766633932136:table/ps-ddt-tfstatelock\"\r\n            ]\r\n        }\r\n   ]\r\n}",
                            "template": "{\r\n    \"Version\": \"2012-10-17\",\r\n    \"Statement\": [\r\n        {\r\n            \"Effect\": \"Allow\",\r\n            \"Action\": \"s3:*\",\r\n            \"Resource\": [\r\n                \"arn:aws:s3:::${s3_rw_bucket}\",\r\n                \"arn:aws:s3:::${s3_rw_bucket}/*\"\r\n            ]\r\n        },\r\n        {\r\n            \"Effect\": \"Allow\",\r\n            \"Action\": [\r\n                \"s3:Get*\",\r\n                \"s3:List*\"\r\n            ],\r\n            \"Resource\": [\r\n                \"arn:aws:s3:::${s3_ro_bucket}\",\r\n                \"arn:aws:s3:::${s3_ro_bucket}/*\"\r\n            ]\r\n        },\r\n                {\r\n            \"Effect\": \"Allow\",\r\n            \"Action\": [\"dynamodb:*\"],\r\n            \"Resource\": [\r\n                \"${dynamodb_table_arn}\"\r\n            ]\r\n        }\r\n   ]\r\n}",
                            "vars.%": "3",
                            "vars.dynamodb_table_arn": "arn:aws:dynamodb:eu-west-2:766633932136:table/ps-ddt-tfstatelock",
                            "vars.s3_ro_bucket": "ps-ddt-application",
                            "vars.s3_rw_bucket": "ps-ddt-networking"
                        },
                        "meta": {},
                        "tainted": false
                    },
                    "deposed": [],
                    "provider": "provider.template"
                },
                "data.template_file.network_bucket_policy": {
                    "type": "template_file",
                    "depends_on": [
                        "aws_iam_user.marymoe",
                        "aws_iam_user.sallysue"
                    ],
                    "primary": {
                        "id": "f5e2539582f1c9a5b55cf5d2d6053c209bd264d68a3009a06895cdd6bad07e7e",
                        "attributes": {
                            "id": "f5e2539582f1c9a5b55cf5d2d6053c209bd264d68a3009a06895cdd6bad07e7e",
                            "rendered": "{\r\n    \"Version\": \"2008-10-17\",\r\n    \"Statement\": [\r\n        {\r\n            \"Sid\": \"ReadOnly\",\r\n            \"Effect\": \"Allow\",\r\n            \"Principal\": {\r\n                \"AWS\": \"arn:aws:iam::766633932136:user/sallysue\"\r\n            },\r\n            \"Action\": [\r\n                \"s3:Get*\",\r\n                \"s3:List*\"\r\n            ],\r\n            \"Resource\": [\r\n                \"arn:aws:s3:::ps-ddt-networking\",\r\n                \"arn:aws:s3:::ps-ddt-networking/*\"\r\n            ]\r\n        },\r\n        {\r\n            \"Sid\": \"FullAccess\",\r\n            \"Effect\": \"Allow\",\r\n            \"Principal\": {\r\n                \"AWS\": \"arn:aws:iam::766633932136:user/marymoe\"\r\n            },\r\n            \"Action\": \"s3:*\",\r\n            \"Resource\": [\r\n                \"arn:aws:s3:::ps-ddt-networking\",\r\n                \"arn:aws:s3:::ps-ddt-networking/*\"\r\n            ]\r\n        }\r\n    ]\r\n}",
                            "template": "{\r\n    \"Version\": \"2008-10-17\",\r\n    \"Statement\": [\r\n        {\r\n            \"Sid\": \"ReadOnly\",\r\n            \"Effect\": \"Allow\",\r\n            \"Principal\": {\r\n                \"AWS\": \"${read_only_user_arn}\"\r\n            },\r\n            \"Action\": [\r\n                \"s3:Get*\",\r\n                \"s3:List*\"\r\n            ],\r\n            \"Resource\": [\r\n                \"arn:aws:s3:::${s3_bucket}\",\r\n                \"arn:aws:s3:::${s3_bucket}/*\"\r\n            ]\r\n        },\r\n        {\r\n            \"Sid\": \"FullAccess\",\r\n            \"Effect\": \"Allow\",\r\n            \"Principal\": {\r\n                \"AWS\": \"${full_access_user_arn}\"\r\n            },\r\n            \"Action\": \"s3:*\",\r\n            \"Resource\": [\r\n                \"arn:aws:s3:::${s3_bucket}\",\r\n                \"arn:aws:s3:::${s3_bucket}/*\"\r\n            ]\r\n        }\r\n    ]\r\n}",
                            "vars.%": "3",
                            "vars.full_access_user_arn": "arn:aws:iam::766633932136:user/marymoe",
                            "vars.read_only_user_arn": "arn:aws:iam::766633932136:user/sallysue",
                            "vars.s3_bucket": "ps-ddt-networking"
                        },
                        "meta": {},
                        "tainted": false
                    },
                    "deposed": [],
                    "provider": "provider.template"
                },
                "data.template_file.sally_sue_policy": {
                    "type": "template_file",
                    "depends_on": [
                        "aws_dynamodb_table.terraform_statelock"
                    ],
                    "primary": {
                        "id": "6c3456250b7364b34bd86e66d6c42a0a3da386a1540796789c41859728f1397e",
                        "attributes": {
                            "id": "6c3456250b7364b34bd86e66d6c42a0a3da386a1540796789c41859728f1397e",
                            "rendered": "{\r\n    \"Version\": \"2012-10-17\",\r\n    \"Statement\": [\r\n        {\r\n            \"Effect\": \"Allow\",\r\n            \"Action\": \"s3:*\",\r\n            \"Resource\": [\r\n                \"arn:aws:s3:::ps-ddt-application\",\r\n                \"arn:aws:s3:::ps-ddt-application/*\"\r\n            ]\r\n        },\r\n        {\r\n            \"Effect\": \"Allow\",\r\n            \"Action\": [\r\n                \"s3:Get*\",\r\n                \"s3:List*\"\r\n            ],\r\n            \"Resource\": [\r\n                \"arn:aws:s3:::ps-ddt-networking\",\r\n                \"arn:aws:s3:::ps-ddt-networking/*\"\r\n            ]\r\n        },\r\n                {\r\n            \"Effect\": \"Allow\",\r\n            \"Action\": [\"dynamodb:*\"],\r\n            \"Resource\": [\r\n                \"arn:aws:dynamodb:eu-west-2:766633932136:table/ps-ddt-tfstatelock\"\r\n            ]\r\n        }\r\n   ]\r\n}",
                            "template": "{\r\n    \"Version\": \"2012-10-17\",\r\n    \"Statement\": [\r\n        {\r\n            \"Effect\": \"Allow\",\r\n            \"Action\": \"s3:*\",\r\n            \"Resource\": [\r\n                \"arn:aws:s3:::${s3_rw_bucket}\",\r\n                \"arn:aws:s3:::${s3_rw_bucket}/*\"\r\n            ]\r\n        },\r\n        {\r\n            \"Effect\": \"Allow\",\r\n            \"Action\": [\r\n                \"s3:Get*\",\r\n                \"s3:List*\"\r\n            ],\r\n            \"Resource\": [\r\n                \"arn:aws:s3:::${s3_ro_bucket}\",\r\n                \"arn:aws:s3:::${s3_ro_bucket}/*\"\r\n            ]\r\n        },\r\n                {\r\n            \"Effect\": \"Allow\",\r\n            \"Action\": [\"dynamodb:*\"],\r\n            \"Resource\": [\r\n                \"${dynamodb_table_arn}\"\r\n            ]\r\n        }\r\n   ]\r\n}",
                            "vars.%": "3",
                            "vars.dynamodb_table_arn": "arn:aws:dynamodb:eu-west-2:766633932136:table/ps-ddt-tfstatelock",
                            "vars.s3_ro_bucket": "ps-ddt-networking",
                            "vars.s3_rw_bucket": "ps-ddt-application"
                        },
                        "meta": {},
                        "tainted": false
                    },
                    "deposed": [],
                    "provider": "provider.template"
                },
                "local_file.aws_keys": {
                    "type": "local_file",
                    "depends_on": [
                        "aws_iam_access_key.marymoe",
                        "aws_iam_access_key.sallysue"
                    ],
                    "primary": {
                        "id": "05dfcc64654395aec2d62ca39306d71de0726587",
                        "attributes": {
                            "content": "[sallysue]\naws_access_key_id = AKIAI2UYCMVB7QPM2N2Q\naws_secret_access_key = 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\n\n[marymoe]\naws_access_key_id = AKIAIKHCHGAUFBTTFC7A\naws_secret_access_key = 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\n\n",
                            "filename": "C:/Users/Ofobodw6//.aws/credentials-sandbox",
                            "id": "05dfcc64654395aec2d62ca39306d71de0726587"
                        },
                        "meta": {},
                        "tainted": false
                    },
                    "deposed": [],
                    "provider": "provider.local"
                }
            },
            "depends_on": []
        }
    ]
}
